
Microsoft Visual Studio Solution File, Format Version 12.00
# Visual Studio Version 16
VisualStudioVersion = 16.0.31613.86
MinimumVisualStudioVersion = 10.0.40219.1
Project("{FAE04EC0-301F-11D3-BF4B-00C04F79EFBC}") = "Clock.Android", "Clock\Clock.Android\Clock.Android.csproj", "{46226B13-911B-40E1-BC01-6E9F5DA51507}"
EndProject
Project("{9A19103F-16F7-4668-BE54-9A1E7A4F7556}") = "Clock", "Clock\Clock\Clock.csproj", "{3E922E20-E1C6-4791-92E7-6BA4AE12AF2B}"
EndProject
Global
	GlobalSection(SolutionConfigurationPlatforms) = preSolution
		Debug|Any CPU = Debug|Any CPU
		Release|Any CPU = Release|Any CPU
	EndGlobalSection
	GlobalSection(ProjectConfigurationPlatforms) = postSolution
		{46226B13-911B-40E1-BC01-6E9F5DA51507}.Debug|Any CPU.ActiveCfg = Debug|Any CPU
		{46226B13-911B-40E1-BC01-6E9F5DA51507}.Debug|Any CPU.Build.0 = Debug|Any CPU
		{46226B13-911B-40E1-BC01-6E9F5DA51507}.Debug|Any CPU.Deploy.0 = Debug|Any CPU
		{46226B13-911B-40E1-BC01-6E9F5DA51507}.Release|Any CPU.ActiveCfg = Release|Any CPU
		{46226B13-911B-40E1-BC01-6E9F5DA51507}.Release|Any CPU.Build.0 = Release|Any CPU
		{46226B13-911B-40E1-BC01-6E9F5DA51507}.Release|Any CPU.Deploy.0 = Release|Any CPU
		{3E922E20-E1C6-4791-92E7-6BA4AE12AF2B}.Debug|Any CPU.ActiveCfg = Debug|Any CPU
		{3E922E20-E1C6-4791-92E7-6BA4AE12AF2B}.Debug|Any CPU.Build.0 = Debug|Any CPU
		{3E922E20-E1C6-4791-92E7-6BA4AE12AF2B}.Debug|Any CPU.Deploy.0 = Debug|Any CPU
		{3E922E20-E1C6-4791-92E7-6BA4AE12AF2B}.Release|Any CPU.ActiveCfg = Release|Any CPU
		{3E922E20-E1C6-4791-92E7-6BA4AE12AF2B}.Release|Any CPU.Build.0 = Release|Any CPU
		{3E922E20-E1C6-4791-92E7-6BA4AE12AF2B}.Release|Any CPU.Deploy.0 = Release|Any CPU
	EndGlobalSection
	GlobalSection(SolutionProperties) = preSolution
		HideSolutionNode = FALSE
	EndGlobalSection
	GlobalSection(ExtensibilityGlobals) = postSolution
		SolutionGuid = {1D01BB72-B87A-47DF-AAAC-F7AE1AF5B66E}
	EndGlobalSection
EndGlobal
